
Microsoft Visual Studio Solution File, Format Version 12.00
# Visual Studio Version 17
VisualStudioVersion = 17.7.34003.232
MinimumVisualStudioVersion = 10.0.40219.1
Project("{FAE04EC0-301F-11D3-BF4B-00C04F79EFBC}") = "hotel_booking", "hotel_booking\hotel_booking.csproj", "{47FBAD78-CB8E-49D4-BD8B-5578B63D77BF}"
EndProject
Global
	GlobalSection(SolutionConfigurationPlatforms) = preSolution
		Debug|Any CPU = Debug|Any CPU
		Release|Any CPU = Release|Any CPU
	EndGlobalSection
	GlobalSection(ProjectConfigurationPlatforms) = postSolution
		{47FBAD78-CB8E-49D4-BD8B-5578B63D77BF}.Debug|Any CPU.ActiveCfg = Debug|Any CPU
		{47FBAD78-CB8E-49D4-BD8B-5578B63D77BF}.Debug|Any CPU.Build.0 = Debug|Any CPU
		{47FBAD78-CB8E-49D4-BD8B-5578B63D77BF}.Release|Any CPU.ActiveCfg = Release|Any CPU
		{47FBAD78-CB8E-49D4-BD8B-5578B63D77BF}.Release|Any CPU.Build.0 = Release|Any CPU
	EndGlobalSection
	GlobalSection(SolutionProperties) = preSolution
		HideSolutionNode = FALSE
	EndGlobalSection
	GlobalSection(ExtensibilityGlobals) = postSolution
		SolutionGuid = {306E134B-9D3C-4F35-A80C-E5EBE3F9CD8D}
	EndGlobalSection
EndGlobal
